{
  "version": 4,
  "terraform_version": "1.3.5",
  "serial": 6,
  "lineage": "dd48d536-7d17-1245-a043-075307671fa4",
  "outputs": {},
  "resources": [
    {
      "mode": "managed",
      "type": "aws_instance",
      "name": "webserver",
      "provider": "provider[\"registry.terraform.io/hashicorp/aws\"]",
      "instances": [
        {
          "schema_version": 1,
          "attributes": {
            "ami": "ami-09d3b3274b6c5d4aa",
            "arn": "arn:aws:ec2:us-east-1:953333459371:instance/i-0e0f27198de2d591b",
            "associate_public_ip_address": true,
            "availability_zone": "us-east-1b",
            "capacity_reservation_specification": [
              {
                "capacity_reservation_preference": "open",
                "capacity_reservation_target": []
              }
            ],
            "cpu_core_count": 1,
            "cpu_threads_per_core": 1,
            "credit_specification": [
              {
                "cpu_credits": "standard"
              }
            ],
            "disable_api_stop": false,
            "disable_api_termination": false,
            "ebs_block_device": [],
            "ebs_optimized": false,
            "enclave_options": [
              {
                "enabled": false
              }
            ],
            "ephemeral_block_device": [],
            "get_password_data": false,
            "hibernation": false,
            "host_id": null,
            "host_resource_group_arn": null,
            "iam_instance_profile": "",
            "id": "i-0e0f27198de2d591b",
            "instance_initiated_shutdown_behavior": "stop",
            "instance_state": "running",
            "instance_type": "t2.micro",
            "ipv6_address_count": 0,
            "ipv6_addresses": [],
            "key_name": "terraform-20221122210636311800000001",
            "launch_template": [],
            "maintenance_options": [
              {
                "auto_recovery": "default"
              }
            ],
            "metadata_options": [
              {
                "http_endpoint": "enabled",
                "http_put_response_hop_limit": 1,
                "http_tokens": "optional",
                "instance_metadata_tags": "disabled"
              }
            ],
            "monitoring": false,
            "network_interface": [],
            "outpost_arn": "",
            "password_data": "",
            "placement_group": "",
            "placement_partition_number": null,
            "primary_network_interface_id": "eni-0cbe2e35c646f876e",
            "private_dns": "ip-172-31-81-100.ec2.internal",
            "private_dns_name_options": [
              {
                "enable_resource_name_dns_a_record": false,
                "enable_resource_name_dns_aaaa_record": false,
                "hostname_type": "ip-name"
              }
            ],
            "private_ip": "172.31.81.100",
            "public_dns": "ec2-44-202-158-192.compute-1.amazonaws.com",
            "public_ip": "44.202.158.192",
            "root_block_device": [
              {
                "delete_on_termination": true,
                "device_name": "/dev/xvda",
                "encrypted": false,
                "iops": 100,
                "kms_key_id": "",
                "tags": {},
                "throughput": 0,
                "volume_id": "vol-08e61e66fdc75ff96",
                "volume_size": 8,
                "volume_type": "gp2"
              }
            ],
            "secondary_private_ips": [],
            "security_groups": [
              "ssh-access1"
            ],
            "source_dest_check": true,
            "subnet_id": "subnet-09e2395bd95cc50fe",
            "tags": {
              "description": " An Nginx on ubuntu",
              "name": "webserver"
            },
            "tags_all": {
              "description": " An Nginx on ubuntu",
              "name": "webserver"
            },
            "tenancy": "default",
            "timeouts": null,
            "user_data": "7e72cec0794f1922dd2f14676c04053fd0b08717",
            "user_data_base64": null,
            "user_data_replace_on_change": false,
            "volume_tags": null,
            "vpc_security_group_ids": [
              "sg-0e852fe5135f23ac8"
            ]
          },
          "sensitive_attributes": [],
          "private": "eyJlMmJmYjczMC1lY2FhLTExZTYtOGY4OC0zNDM2M2JjN2M0YzAiOnsiY3JlYXRlIjo2MDAwMDAwMDAwMDAsImRlbGV0ZSI6MTIwMDAwMDAwMDAwMCwidXBkYXRlIjo2MDAwMDAwMDAwMDB9LCJzY2hlbWFfdmVyc2lvbiI6IjEifQ==",
          "dependencies": [
            "aws_key_pair.nginx",
            "aws_security_group.ssh-access1"
          ]
        }
      ]
    },
    {
      "mode": "managed",
      "type": "aws_key_pair",
      "name": "nginx",
      "provider": "provider[\"registry.terraform.io/hashicorp/aws\"]",
      "instances": [
        {
          "schema_version": 1,
          "attributes": {
            "arn": "arn:aws:ec2:us-east-1:953333459371:key-pair/terraform-20221122210636311800000001",
            "fingerprint": "8f:6d:e4:a0:f7:ab:71:b8:6e:0e:90:67:51:bf:f1:fa",
            "id": "terraform-20221122210636311800000001",
            "key_name": "terraform-20221122210636311800000001",
            "key_name_prefix": "terraform-",
            "key_pair_id": "key-085b8e2c59b6d2fe7",
            "key_type": "rsa",
            "public_key": "ssh-rsa AAAAB3NzaC1yc2EAAAADAQABAAABAQCLfUSxiySGltn44jQVs3UoV0uzfUzcxInqfbeghVX8cVo0VwKXuc056s0VJMxtkjDVfvjjf51Y0JNBPgyFY30m/uPq+WTgzAA41V5vChWAk7SUycBxWJIyu00bBCNCUqWbV8nYpKQdKBf/tgW2yA2UN5Sh6Y+fjoa66oOSxe+JIURDjxak0QmbNnl9sKEUH5eiA59FsT9jcxvIpnX7xZc6h71rVXXsi/kQpTdJyS250K1IsXFsuXENXeB7u4G5G/+NQwldFWLZFSeQ+NzZmtCQfn795BA9REOlDoElqvjpvePrMHlw1dmeW03cZSru1U1O7hFo4VxLKKajRSZlhoAH",
            "tags": {},
            "tags_all": {}
          },
          "sensitive_attributes": [],
          "private": "eyJzY2hlbWFfdmVyc2lvbiI6IjEifQ=="
        }
      ]
    },
    {
      "mode": "managed",
      "type": "aws_security_group",
      "name": "ssh-access1",
      "provider": "provider[\"registry.terraform.io/hashicorp/aws\"]",
      "instances": [
        {
          "schema_version": 1,
          "attributes": {
            "arn": "arn:aws:ec2:us-east-1:953333459371:security-group/sg-0e852fe5135f23ac8",
            "description": "Allow ssh access to EC2 instance",
            "egress": [],
            "id": "sg-0e852fe5135f23ac8",
            "ingress": [
              {
                "cidr_blocks": [
                  "0.0.0.0/0"
                ],
                "description": "",
                "from_port": 22,
                "ipv6_cidr_blocks": [],
                "prefix_list_ids": [],
                "protocol": "tcp",
                "security_groups": [],
                "self": false,
                "to_port": 22
              }
            ],
            "name": "ssh-access1",
            "name_prefix": "",
            "owner_id": "953333459371",
            "revoke_rules_on_delete": false,
            "tags": null,
            "tags_all": {},
            "timeouts": null,
            "vpc_id": "vpc-0e1a0dc80a2c8633a"
          },
          "sensitive_attributes": [],
          "private": "eyJlMmJmYjczMC1lY2FhLTExZTYtOGY4OC0zNDM2M2JjN2M0YzAiOnsiY3JlYXRlIjo2MDAwMDAwMDAwMDAsImRlbGV0ZSI6OTAwMDAwMDAwMDAwfSwic2NoZW1hX3ZlcnNpb24iOiIxIn0="
        }
      ]
    }
  ],
  "check_results": null
}
